
Microsoft Visual Studio Solution File, Format Version 12.00
# Visual Studio Version 17
VisualStudioVersion = 17.8.34330.188
MinimumVisualStudioVersion = 10.0.40219.1
Project("{FAE04EC0-301F-11D3-BF4B-00C04F79EFBC}") = "AppKickCashDrawer", "AppKickCashDrawer.csproj", "{7B813B1D-F7D6-4CAE-A884-3FB5A45625B3}"
EndProject
Project("{54435603-DBB4-11D2-8724-00A0C9A8B90C}") = "AppKickCashDrawer.Setup", "..\AppKickCashDrawer.Setup\AppKickCashDrawer.Setup.vdproj", "{2B9B1EAC-FBE7-4EC0-8A54-46CA1D8F11B8}"
EndProject
Global
	GlobalSection(SolutionConfigurationPlatforms) = preSolution
		Debug|Any CPU = Debug|Any CPU
		Release|Any CPU = Release|Any CPU
	EndGlobalSection
	GlobalSection(ProjectConfigurationPlatforms) = postSolution
		{7B813B1D-F7D6-4CAE-A884-3FB5A45625B3}.Debug|Any CPU.ActiveCfg = Debug|Any CPU
		{7B813B1D-F7D6-4CAE-A884-3FB5A45625B3}.Debug|Any CPU.Build.0 = Debug|Any CPU
		{7B813B1D-F7D6-4CAE-A884-3FB5A45625B3}.Release|Any CPU.ActiveCfg = Release|Any CPU
		{7B813B1D-F7D6-4CAE-A884-3FB5A45625B3}.Release|Any CPU.Build.0 = Release|Any CPU
		{2B9B1EAC-FBE7-4EC0-8A54-46CA1D8F11B8}.Debug|Any CPU.ActiveCfg = Debug
		{2B9B1EAC-FBE7-4EC0-8A54-46CA1D8F11B8}.Release|Any CPU.ActiveCfg = Release
	EndGlobalSection
	GlobalSection(SolutionProperties) = preSolution
		HideSolutionNode = FALSE
	EndGlobalSection
	GlobalSection(ExtensibilityGlobals) = postSolution
		SolutionGuid = {DE1903D8-747A-4915-8680-1539BEEB8E56}
	EndGlobalSection
EndGlobal
